
Microsoft Visual Studio Solution File, Format Version 12.00
Project("{FAE04EC0-301F-11D3-BF4B-00C04F79EFBC}") = "ExtensionMethodApplier", "ExtensionMethodApplier\ExtensionMethodApplier.csproj", "{3178483A-48AF-405E-80C9-A75C73C0533E}"
EndProject
Project("{FAE04EC0-301F-11D3-BF4B-00C04F79EFBC}") = "ExtensionMethodHarvester", "ExtensionMethodHarvester\ExtensionMethodHarvester.csproj", "{8BB8B089-7D6A-48F4-9CFD-6E1234EEF305}"
EndProject
Project("{FAE04EC0-301F-11D3-BF4B-00C04F79EFBC}") = "OEISReader", "OEISReader\OEISReader.csproj", "{402C37AF-B1CC-45BB-8DDE-56DE0AD6CE17}"
EndProject
Project("{FAE04EC0-301F-11D3-BF4B-00C04F79EFBC}") = "OEISTestProject", "OEISTestProject\OEISTestProject.csproj", "{FA4C7F56-05FE-4B9A-ACB8-BE472E3E19A9}"
EndProject
Project("{FAE04EC0-301F-11D3-BF4B-00C04F79EFBC}") = "ReflectToArrayTest", "ReflectToArrayTest\ReflectToArrayTest.csproj", "{4DD0F1BC-2C75-4BFD-BFDD-7B82D4FD42B0}"
EndProject
Project("{FAE04EC0-301F-11D3-BF4B-00C04F79EFBC}") = "RegexesToAssembly", "RegexesToAssembly\RegexesToAssembly.csproj", "{0E9A48C4-F8BA-48A6-A422-473F362F4EC8}"
EndProject
Project("{FAE04EC0-301F-11D3-BF4B-00C04F79EFBC}") = "SuperOEISGenerator", "SuperOEISGenerator\SuperOEISGenerator.csproj", "{EDDA31A8-638E-4AF7-8BA4-25153E9461D7}"
EndProject
Project("{FAE04EC0-301F-11D3-BF4B-00C04F79EFBC}") = "Wither", "Wither\Wither.csproj", "{C4767A50-2BE8-4361-A8E1-4E2D64C79157}"
EndProject
Project("{FAE04EC0-301F-11D3-BF4B-00C04F79EFBC}") = "HSNXT.Extensions", "HSNXT.Extensions\HSNXT.Extensions.csproj", "{4DF3D380-0DF7-4171-985B-58617962923B}"
EndProject
Project("{FAE04EC0-301F-11D3-BF4B-00C04F79EFBC}") = "HSNXT.Extensions.Tests", "HSNXT.Extensions.Tests\HSNXT.Extensions.Tests.csproj", "{00809C32-903F-43CF-81E8-63C294E67272}"
EndProject
Global
	GlobalSection(SolutionConfigurationPlatforms) = preSolution
		Debug|Any CPU = Debug|Any CPU
		Release|Any CPU = Release|Any CPU
	EndGlobalSection
	GlobalSection(ProjectConfigurationPlatforms) = postSolution
		{3178483A-48AF-405E-80C9-A75C73C0533E}.Debug|Any CPU.ActiveCfg = Debug|Any CPU
		{3178483A-48AF-405E-80C9-A75C73C0533E}.Debug|Any CPU.Build.0 = Debug|Any CPU
		{3178483A-48AF-405E-80C9-A75C73C0533E}.Release|Any CPU.ActiveCfg = Release|Any CPU
		{3178483A-48AF-405E-80C9-A75C73C0533E}.Release|Any CPU.Build.0 = Release|Any CPU
		{8BB8B089-7D6A-48F4-9CFD-6E1234EEF305}.Debug|Any CPU.ActiveCfg = Debug|Any CPU
		{8BB8B089-7D6A-48F4-9CFD-6E1234EEF305}.Debug|Any CPU.Build.0 = Debug|Any CPU
		{8BB8B089-7D6A-48F4-9CFD-6E1234EEF305}.Release|Any CPU.ActiveCfg = Release|Any CPU
		{8BB8B089-7D6A-48F4-9CFD-6E1234EEF305}.Release|Any CPU.Build.0 = Release|Any CPU
		{402C37AF-B1CC-45BB-8DDE-56DE0AD6CE17}.Debug|Any CPU.ActiveCfg = Debug|Any CPU
		{402C37AF-B1CC-45BB-8DDE-56DE0AD6CE17}.Debug|Any CPU.Build.0 = Debug|Any CPU
		{402C37AF-B1CC-45BB-8DDE-56DE0AD6CE17}.Release|Any CPU.ActiveCfg = Release|Any CPU
		{402C37AF-B1CC-45BB-8DDE-56DE0AD6CE17}.Release|Any CPU.Build.0 = Release|Any CPU
		{FA4C7F56-05FE-4B9A-ACB8-BE472E3E19A9}.Debug|Any CPU.ActiveCfg = Debug|Any CPU
		{FA4C7F56-05FE-4B9A-ACB8-BE472E3E19A9}.Debug|Any CPU.Build.0 = Debug|Any CPU
		{FA4C7F56-05FE-4B9A-ACB8-BE472E3E19A9}.Release|Any CPU.ActiveCfg = Release|Any CPU
		{FA4C7F56-05FE-4B9A-ACB8-BE472E3E19A9}.Release|Any CPU.Build.0 = Release|Any CPU
		{4DD0F1BC-2C75-4BFD-BFDD-7B82D4FD42B0}.Debug|Any CPU.ActiveCfg = Debug|Any CPU
		{4DD0F1BC-2C75-4BFD-BFDD-7B82D4FD42B0}.Debug|Any CPU.Build.0 = Debug|Any CPU
		{4DD0F1BC-2C75-4BFD-BFDD-7B82D4FD42B0}.Release|Any CPU.ActiveCfg = Release|Any CPU
		{4DD0F1BC-2C75-4BFD-BFDD-7B82D4FD42B0}.Release|Any CPU.Build.0 = Release|Any CPU
		{0E9A48C4-F8BA-48A6-A422-473F362F4EC8}.Debug|Any CPU.ActiveCfg = Debug|Any CPU
		{0E9A48C4-F8BA-48A6-A422-473F362F4EC8}.Debug|Any CPU.Build.0 = Debug|Any CPU
		{0E9A48C4-F8BA-48A6-A422-473F362F4EC8}.Release|Any CPU.ActiveCfg = Release|Any CPU
		{0E9A48C4-F8BA-48A6-A422-473F362F4EC8}.Release|Any CPU.Build.0 = Release|Any CPU
		{EDDA31A8-638E-4AF7-8BA4-25153E9461D7}.Debug|Any CPU.ActiveCfg = Debug|Any CPU
		{EDDA31A8-638E-4AF7-8BA4-25153E9461D7}.Debug|Any CPU.Build.0 = Debug|Any CPU
		{EDDA31A8-638E-4AF7-8BA4-25153E9461D7}.Release|Any CPU.ActiveCfg = Release|Any CPU
		{EDDA31A8-638E-4AF7-8BA4-25153E9461D7}.Release|Any CPU.Build.0 = Release|Any CPU
		{C4767A50-2BE8-4361-A8E1-4E2D64C79157}.Debug|Any CPU.ActiveCfg = Debug|Any CPU
		{C4767A50-2BE8-4361-A8E1-4E2D64C79157}.Debug|Any CPU.Build.0 = Debug|Any CPU
		{C4767A50-2BE8-4361-A8E1-4E2D64C79157}.Release|Any CPU.ActiveCfg = Release|Any CPU
		{C4767A50-2BE8-4361-A8E1-4E2D64C79157}.Release|Any CPU.Build.0 = Release|Any CPU
		{4DF3D380-0DF7-4171-985B-58617962923B}.Debug|Any CPU.ActiveCfg = Debug|Any CPU
		{4DF3D380-0DF7-4171-985B-58617962923B}.Debug|Any CPU.Build.0 = Debug|Any CPU
		{4DF3D380-0DF7-4171-985B-58617962923B}.Release|Any CPU.ActiveCfg = Release|Any CPU
		{4DF3D380-0DF7-4171-985B-58617962923B}.Release|Any CPU.Build.0 = Release|Any CPU
		{00809C32-903F-43CF-81E8-63C294E67272}.Debug|Any CPU.ActiveCfg = Debug|Any CPU
		{00809C32-903F-43CF-81E8-63C294E67272}.Debug|Any CPU.Build.0 = Debug|Any CPU
		{00809C32-903F-43CF-81E8-63C294E67272}.Release|Any CPU.ActiveCfg = Release|Any CPU
		{00809C32-903F-43CF-81E8-63C294E67272}.Release|Any CPU.Build.0 = Release|Any CPU
	EndGlobalSection
EndGlobal
